# THIS IS AN AUTOGENERATED FILE. DO NOT EDIT THIS FILE DIRECTLY.
# yarn lockfile v1


cacheable@^2.5.1:
  version "2.5.1"
  resolved "https://registry.yarnpkg.com/cacheable/-/cacheable-2.5.1.tgz#abcdef0123456789"
  integrity sha512-cccccccccccccccccccccccccccccccccccccccccccccccccccccccccccccccccccccccccccccccccccccccccccccccccccccccccccccccccccccc==

"@cacheable/utils@^2.5.1":
  version "2.5.1"
  resolved "https://registry.yarnpkg.com/@cacheable/utils/-/utils-2.5.1.tgz#0123456789abcdef"
