{
  "name": "safe-app",
  "version": "1.0.0",
  "lockfileVersion": 3,
  "packages": {
    "node_modules/keyv": {
      "version": "5.5.1",
      "resolved": "https://registry.npmjs.org/keyv/-/keyv-5.5.1.tgz",
      "integrity": "sha512-ffffffffffffffffffffffffffffffffffffffffffffffffffffffffffffffffffffffffffffffffffffffffffffffffffffffffffffffffffffff=="
    },
    "node_modules/@keyv/redis": {
      "version": "5.0.0",
      "resolved": "https://registry.npmjs.org/@keyv/redis/-/redis-5.0.0.tgz"
    },
    "node_modules/cacheable-request": {
      "version": "2.5.1",
      "resolved": "https://registry.npmjs.org/cacheable-request/-/cacheable-request-2.5.1.tgz"
    },
    "node_modules/@cacheable/utils": {
      "version": "9.9.9",
      "resolved": "https://registry.npmjs.org/@cacheable/utils/-/utils-9.9.9.tgz"
    }
  }
}
