{
  "name": "old-app",
  "version": "1.0.0",
  "lockfileVersion": 1,
  "requires": true,
  "dependencies": {
    "flat-cache": {
      "version": "6.1.24",
      "resolved": "https://registry.npmjs.org/flat-cache/-/flat-cache-6.1.24.tgz",
      "integrity": "sha1-bbbbbbbbbbbbbbbbbbbbbbbbbbbb"
    }
  }
}
