{
  "name": "fp-trap", "version": "1.0.0", "lockfileVersion": 3,
  "packages": {
    "node_modules/@somecorp/babel-plugin-linaria-css-to-undefined": {
      "version": "0.3.1",
      "resolved": "https://registry.npmjs.org/@somecorp/babel-plugin-linaria-css-to-undefined/-/babel-plugin-linaria-css-to-undefined-0.3.1.tgz"
    }
  }
}
